
Microsoft Visual Studio Solution File, Format Version 12.00
# Visual Studio Version 17
VisualStudioVersion = 17.8.34511.84
MinimumVisualStudioVersion = 10.0.40219.1
Project("{8BC9CEB8-8B4A-11D0-8D11-00A0C91BC942}") = "Bai2_D_CDT", "Bai2_D_CDT.vcxproj", "{CDFB9864-71B7-4344-A073-DB09D8D8E43F}"
EndProject
Global
	GlobalSection(SolutionConfigurationPlatforms) = preSolution
		Debug|x64 = Debug|x64
		Debug|x86 = Debug|x86
		Release|x64 = Release|x64
		Release|x86 = Release|x86
	EndGlobalSection
	GlobalSection(ProjectConfigurationPlatforms) = postSolution
		{CDFB9864-71B7-4344-A073-DB09D8D8E43F}.Debug|x64.ActiveCfg = Debug|x64
		{CDFB9864-71B7-4344-A073-DB09D8D8E43F}.Debug|x64.Build.0 = Debug|x64
		{CDFB9864-71B7-4344-A073-DB09D8D8E43F}.Debug|x86.ActiveCfg = Debug|Win32
		{CDFB9864-71B7-4344-A073-DB09D8D8E43F}.Debug|x86.Build.0 = Debug|Win32
		{CDFB9864-71B7-4344-A073-DB09D8D8E43F}.Release|x64.ActiveCfg = Release|x64
		{CDFB9864-71B7-4344-A073-DB09D8D8E43F}.Release|x64.Build.0 = Release|x64
		{CDFB9864-71B7-4344-A073-DB09D8D8E43F}.Release|x86.ActiveCfg = Release|Win32
		{CDFB9864-71B7-4344-A073-DB09D8D8E43F}.Release|x86.Build.0 = Release|Win32
	EndGlobalSection
	GlobalSection(SolutionProperties) = preSolution
		HideSolutionNode = FALSE
	EndGlobalSection
	GlobalSection(ExtensibilityGlobals) = postSolution
		SolutionGuid = {8AB930FF-5AC3-432C-9B90-DFBE22402EE5}
	EndGlobalSection
EndGlobal
